<?xml version="1.0" encoding="utf-8"?>
<Project ToolsVersion="4.0" xmlns="http://schemas.microsoft.com/developer/msbuild/2003">
  <ItemGroup>
    <Filter Include="Source Files">
      <UniqueIdentifier>{4FC737F1-C7A5-4376-A066-2A32D752A2FF}</UniqueIdentifier>
      <Extensions>cpp;c;cc;cxx;def;odl;idl;hpj;bat;asm;asmx</Extensions>
    </Filter>
    <Filter Include="Header Files">
      <UniqueIdentifier>{93995380-89BD-4b04-88EB-625FBE52EBFB}</UniqueIdentifier>
      <Extensions>h;hh;hpp;hxx;hm;inl;inc;xsd</Extensions>
    </Filter>
    <Filter Include="Resource Files">
      <UniqueIdentifier>{67DA6AB6-F800-4c08-8B7A-83BB121AAD01}</UniqueIdentifier>
      <Extensions>rc;ico;cur;bmp;dlg;rc2;rct;bin;rgs;gif;jpg;jpeg;jpe;resx;tiff;tif;png;wav;mfcribbon-ms</Extensions>
    </Filter>
    <Filter Include="Shared">
      <UniqueIdentifier>{7334a059-21d0-4aaa-a7db-96df0453314d}</UniqueIdentifier>
    </Filter>
    <Filter Include="Shared\ImGUi">
      <UniqueIdentifier>{e026b0d3-9a9a-4bd0-8289-e1dfe9096e73}</UniqueIdentifier>
    </Filter>
  </ItemGroup>
  <ItemGroup>
    <ClInclude Include="stdafx.h">
      <Filter>Header Files</Filter>
    </ClInclude>
    <ClInclude Include="targetver.h">
      <Filter>Header Files</Filter>
    </ClInclude>
    <ClInclude Include="Client.h">
      <Filter>Header Files</Filter>
    </ClInclude>
    <ClInclude Include="..\Shared\Application.h">
      <Filter>Shared</Filter>
    </ClInclude>
    <ClInclude Include="..\Shared\Buffer.h">
      <Filter>Shared</Filter>
    </ClInclude>
    <ClInclude Include="..\Shared\header.h">
      <Filter>Shared</Filter>
    </ClInclude>
    <ClInclude Include="..\Shared\imguiMesh.h">
      <Filter>Shared</Filter>
    </ClInclude>
    <ClInclude Include="..\Shared\OpenGLRenderer.h">
      <Filter>Shared</Filter>
    </ClInclude>
    <ClInclude Include="..\Shared\Shader.h">
      <Filter>Shared</Filter>
    </ClInclude>
    <ClInclude Include="..\Shared\SystemUI.h">
      <Filter>Shared</Filter>
    </ClInclude>
    <ClInclude Include="..\Shared\Texture.h">
      <Filter>Shared</Filter>
    </ClInclude>
    <ClInclude Include="..\Shared\Windows.h">
      <Filter>Shared</Filter>
    </ClInclude>
    <ClInclude Include="..\Shared\imgui\imconfig.h">
      <Filter>Shared\ImGUi</Filter>
    </ClInclude>
    <ClInclude Include="..\Shared\imgui\imgui.h">
      <Filter>Shared\ImGUi</Filter>
    </ClInclude>
    <ClInclude Include="..\Shared\imgui\imgui_internal.h">
      <Filter>Shared\ImGUi</Filter>
    </ClInclude>
    <ClInclude Include="..\Shared\imgui\stb_rect_pack.h">
      <Filter>Shared\ImGUi</Filter>
    </ClInclude>
    <ClInclude Include="..\Shared\imgui\stb_textedit.h">
      <Filter>Shared\ImGUi</Filter>
    </ClInclude>
    <ClInclude Include="..\Shared\imgui\stb_truetype.h">
      <Filter>Shared\ImGUi</Filter>
    </ClInclude>
    <ClInclude Include="ClientApp.h">
      <Filter>Header Files</Filter>
    </ClInclude>
    <ClInclude Include="..\Shared\Socket.h">
      <Filter>Shared</Filter>
    </ClInclude>
    <ClInclude Include="CLSocket.h">
      <Filter>Header Files</Filter>
    </ClInclude>
    <ClInclude Include="..\Shared\Net.h">
      <Filter>Shared</Filter>
    </ClInclude>
    <ClInclude Include="ChatDialog.h">
      <Filter>Header Files</Filter>
    </ClInclude>
    <ClInclude Include="GroupChat.h">
      <Filter>Header Files</Filter>
    </ClInclude>
  </ItemGroup>
  <ItemGroup>
    <ClCompile Include="stdafx.cpp">
      <Filter>Source Files</Filter>
    </ClCompile>
    <ClCompile Include="main.cpp">
      <Filter>Source Files</Filter>
    </ClCompile>
    <ClCompile Include="Client.cpp">
      <Filter>Source Files</Filter>
    </ClCompile>
    <ClCompile Include="..\Shared\Application.cpp">
      <Filter>Shared</Filter>
    </ClCompile>
    <ClCompile Include="..\Shared\Buffer.cpp">
      <Filter>Shared</Filter>
    </ClCompile>
    <ClCompile Include="..\Shared\imguiMesh.cpp">
      <Filter>Shared</Filter>
    </ClCompile>
    <ClCompile Include="..\Shared\OpenGLRenderer.cpp">
      <Filter>Shared</Filter>
    </ClCompile>
    <ClCompile Include="..\Shared\Shader.cpp">
      <Filter>Shared</Filter>
    </ClCompile>
    <ClCompile Include="..\Shared\SystemUI.cpp">
      <Filter>Shared</Filter>
    </ClCompile>
    <ClCompile Include="..\Shared\Windows.cpp">
      <Filter>Shared</Filter>
    </ClCompile>
    <ClCompile Include="..\Shared\imgui\imgui.cpp">
      <Filter>Shared\ImGUi</Filter>
    </ClCompile>
    <ClCompile Include="..\Shared\imgui\imgui_demo.cpp">
      <Filter>Shared\ImGUi</Filter>
    </ClCompile>
    <ClCompile Include="..\Shared\imgui\imgui_draw.cpp">
      <Filter>Shared\ImGUi</Filter>
    </ClCompile>
    <ClCompile Include="ClientApp.cpp">
      <Filter>Source Files</Filter>
    </ClCompile>
    <ClCompile Include="..\Shared\Socket.cpp">
      <Filter>Shared</Filter>
    </ClCompile>
    <ClCompile Include="CLSocket.cpp">
      <Filter>Source Files</Filter>
    </ClCompile>
    <ClCompile Include="ChatDialog.cpp">
      <Filter>Source Files</Filter>
    </ClCompile>
    <ClCompile Include="GroupChat.cpp">
      <Filter>Source Files</Filter>
    </ClCompile>
  </ItemGroup>
  <ItemGroup>
    <Library Include="..\Shared\glew32s.lib">
      <Filter>Shared</Filter>
    </Library>
    <Library Include="..\Shared\glfw3.lib">
      <Filter>Shared</Filter>
    </Library>
  </ItemGroup>
  <ItemGroup>
    <None Include="ClassDiagram.cd" />
  </ItemGroup>
</Project>