
Microsoft Visual Studio Solution File, Format Version 12.00
# Visual Studio 15
VisualStudioVersion = 15.0.27004.2006
MinimumVisualStudioVersion = 10.0.40219.1
Project("{8BC9CEB8-8B4A-11D0-8D11-00A0C91BC942}") = "Server", "Server\Server.vcxproj", "{F545A497-4A42-43D1-902D-A772B819637C}"
EndProject
Project("{8BC9CEB8-8B4A-11D0-8D11-00A0C91BC942}") = "Client", "Client\Client.vcxproj", "{6C1131E5-47BB-4030-BA0C-D16D532D6BE7}"
EndProject
Global
	GlobalSection(SolutionConfigurationPlatforms) = preSolution
		Debug|x64 = Debug|x64
		Debug|x86 = Debug|x86
		Release|x64 = Release|x64
		Release|x86 = Release|x86
	EndGlobalSection
	GlobalSection(ProjectConfigurationPlatforms) = postSolution
		{F545A497-4A42-43D1-902D-A772B819637C}.Debug|x64.ActiveCfg = Debug|x64
		{F545A497-4A42-43D1-902D-A772B819637C}.Debug|x64.Build.0 = Debug|x64
		{F545A497-4A42-43D1-902D-A772B819637C}.Debug|x86.ActiveCfg = Debug|Win32
		{F545A497-4A42-43D1-902D-A772B819637C}.Debug|x86.Build.0 = Debug|Win32
		{F545A497-4A42-43D1-902D-A772B819637C}.Release|x64.ActiveCfg = Release|x64
		{F545A497-4A42-43D1-902D-A772B819637C}.Release|x64.Build.0 = Release|x64
		{F545A497-4A42-43D1-902D-A772B819637C}.Release|x86.ActiveCfg = Release|Win32
		{F545A497-4A42-43D1-902D-A772B819637C}.Release|x86.Build.0 = Release|Win32
		{6C1131E5-47BB-4030-BA0C-D16D532D6BE7}.Debug|x64.ActiveCfg = Debug|x64
		{6C1131E5-47BB-4030-BA0C-D16D532D6BE7}.Debug|x64.Build.0 = Debug|x64
		{6C1131E5-47BB-4030-BA0C-D16D532D6BE7}.Debug|x86.ActiveCfg = Debug|Win32
		{6C1131E5-47BB-4030-BA0C-D16D532D6BE7}.Debug|x86.Build.0 = Debug|Win32
		{6C1131E5-47BB-4030-BA0C-D16D532D6BE7}.Release|x64.ActiveCfg = Release|x64
		{6C1131E5-47BB-4030-BA0C-D16D532D6BE7}.Release|x64.Build.0 = Release|x64
		{6C1131E5-47BB-4030-BA0C-D16D532D6BE7}.Release|x86.ActiveCfg = Release|Win32
		{6C1131E5-47BB-4030-BA0C-D16D532D6BE7}.Release|x86.Build.0 = Release|Win32
	EndGlobalSection
	GlobalSection(SolutionProperties) = preSolution
		HideSolutionNode = FALSE
	EndGlobalSection
	GlobalSection(ExtensibilityGlobals) = postSolution
		SolutionGuid = {9DDC081A-CDD3-4BF3-85E1-B25610816786}
	EndGlobalSection
EndGlobal
