<?xml version="1.0" encoding="utf-8"?>
<Project ToolsVersion="4.0" xmlns="http://schemas.microsoft.com/developer/msbuild/2003">
  <ItemGroup>
    <Filter Include="Source Files">
      <UniqueIdentifier>{4FC737F1-C7A5-4376-A066-2A32D752A2FF}</UniqueIdentifier>
      <Extensions>cpp;c;cc;cxx;def;odl;idl;hpj;bat;asm;asmx</Extensions>
    </Filter>
    <Filter Include="Header Files">
      <UniqueIdentifier>{93995380-89BD-4b04-88EB-625FBE52EBFB}</UniqueIdentifier>
      <Extensions>h;hh;hpp;hxx;hm;inl;inc;xsd</Extensions>
    </Filter>
    <Filter Include="Resource Files">
      <UniqueIdentifier>{67DA6AB6-F800-4c08-8B7A-83BB121AAD01}</UniqueIdentifier>
      <Extensions>rc;ico;cur;bmp;dlg;rc2;rct;bin;rgs;gif;jpg;jpeg;jpe;resx;tiff;tif;png;wav;mfcribbon-ms</Extensions>
    </Filter>
    <Filter Include="Shared">
      <UniqueIdentifier>{bfe36855-effd-46a2-b9f6-91852d673c08}</UniqueIdentifier>
    </Filter>
    <Filter Include="Shared\ImGui">
      <UniqueIdentifier>{503b2a4d-237f-44ec-83b8-13bebc09eab1}</UniqueIdentifier>
    </Filter>
  </ItemGroup>
  <ItemGroup>
    <ClInclude Include="stdafx.h">
      <Filter>Header Files</Filter>
    </ClInclude>
    <ClInclude Include="targetver.h">
      <Filter>Header Files</Filter>
    </ClInclude>
    <ClInclude Include="Server.h">
      <Filter>Header Files</Filter>
    </ClInclude>
    <ClInclude Include="Client.h">
      <Filter>Header Files</Filter>
    </ClInclude>
    <ClInclude Include="..\Shared\Application.h">
      <Filter>Shared</Filter>
    </ClInclude>
    <ClInclude Include="..\Shared\imguiMesh.h">
      <Filter>Shared</Filter>
    </ClInclude>
    <ClInclude Include="..\Shared\Net.h">
      <Filter>Shared</Filter>
    </ClInclude>
    <ClInclude Include="..\Shared\OpenGLRenderer.h">
      <Filter>Shared</Filter>
    </ClInclude>
    <ClInclude Include="..\Shared\Shader.h">
      <Filter>Shared</Filter>
    </ClInclude>
    <ClInclude Include="..\Shared\SystemUI.h">
      <Filter>Shared</Filter>
    </ClInclude>
    <ClInclude Include="..\Shared\Texture.h">
      <Filter>Shared</Filter>
    </ClInclude>
    <ClInclude Include="..\Shared\Windows.h">
      <Filter>Shared</Filter>
    </ClInclude>
    <ClInclude Include="..\Shared\header.h">
      <Filter>Shared</Filter>
    </ClInclude>
    <ClInclude Include="..\Shared\imgui\imconfig.h">
      <Filter>Shared\ImGui</Filter>
    </ClInclude>
    <ClInclude Include="..\Shared\imgui\imgui.h">
      <Filter>Shared\ImGui</Filter>
    </ClInclude>
    <ClInclude Include="..\Shared\imgui\imgui_internal.h">
      <Filter>Shared\ImGui</Filter>
    </ClInclude>
    <ClInclude Include="..\Shared\imgui\stb_rect_pack.h">
      <Filter>Shared\ImGui</Filter>
    </ClInclude>
    <ClInclude Include="..\Shared\imgui\stb_textedit.h">
      <Filter>Shared\ImGui</Filter>
    </ClInclude>
    <ClInclude Include="..\Shared\imgui\stb_truetype.h">
      <Filter>Shared\ImGui</Filter>
    </ClInclude>
    <ClInclude Include="ServerApp.h">
      <Filter>Header Files</Filter>
    </ClInclude>
    <ClInclude Include="..\Shared\Buffer.h">
      <Filter>Shared</Filter>
    </ClInclude>
    <ClInclude Include="..\Shared\Socket.h">
      <Filter>Shared</Filter>
    </ClInclude>
    <ClInclude Include="SVSocket.h">
      <Filter>Header Files</Filter>
    </ClInclude>
    <ClInclude Include="..\Shared\Log.h">
      <Filter>Shared</Filter>
    </ClInclude>
    <ClInclude Include="GroupChatSV.h">
      <Filter>Header Files</Filter>
    </ClInclude>
  </ItemGroup>
  <ItemGroup>
    <ClCompile Include="stdafx.cpp">
      <Filter>Source Files</Filter>
    </ClCompile>
    <ClCompile Include="Server.cpp">
      <Filter>Source Files</Filter>
    </ClCompile>
    <ClCompile Include="main.cpp">
      <Filter>Source Files</Filter>
    </ClCompile>
    <ClCompile Include="Client.cpp">
      <Filter>Source Files</Filter>
    </ClCompile>
    <ClCompile Include="..\Shared\Application.cpp">
      <Filter>Shared</Filter>
    </ClCompile>
    <ClCompile Include="..\Shared\imguiMesh.cpp">
      <Filter>Shared</Filter>
    </ClCompile>
    <ClCompile Include="..\Shared\OpenGLRenderer.cpp">
      <Filter>Shared</Filter>
    </ClCompile>
    <ClCompile Include="..\Shared\Shader.cpp">
      <Filter>Shared</Filter>
    </ClCompile>
    <ClCompile Include="..\Shared\SystemUI.cpp">
      <Filter>Shared</Filter>
    </ClCompile>
    <ClCompile Include="..\Shared\Windows.cpp">
      <Filter>Shared</Filter>
    </ClCompile>
    <ClCompile Include="..\Shared\imgui\imgui.cpp">
      <Filter>Shared\ImGui</Filter>
    </ClCompile>
    <ClCompile Include="..\Shared\imgui\imgui_demo.cpp">
      <Filter>Shared\ImGui</Filter>
    </ClCompile>
    <ClCompile Include="..\Shared\imgui\imgui_draw.cpp">
      <Filter>Shared\ImGui</Filter>
    </ClCompile>
    <ClCompile Include="ServerApp.cpp">
      <Filter>Source Files</Filter>
    </ClCompile>
    <ClCompile Include="..\Shared\Buffer.cpp">
      <Filter>Shared</Filter>
    </ClCompile>
    <ClCompile Include="SVSocket.cpp">
      <Filter>Source Files</Filter>
    </ClCompile>
    <ClCompile Include="..\Shared\Socket.cpp">
      <Filter>Shared</Filter>
    </ClCompile>
    <ClCompile Include="GroupChatSV.cpp">
      <Filter>Source Files</Filter>
    </ClCompile>
  </ItemGroup>
</Project>